
Microsoft Visual Studio Solution File, Format Version 12.00
# Visual Studio 15
VisualStudioVersion = 15.0.26124.0
MinimumVisualStudioVersion = 15.0.26124.0
Project("{FAE04EC0-301F-11D3-BF4B-00C04F79EFBC}") = "WyCash.Tests", "WyCash.Tests\WyCash.Tests.csproj", "{E54B4E3A-52F8-4E94-A264-D3CA57766315}"
EndProject
Project("{FAE04EC0-301F-11D3-BF4B-00C04F79EFBC}") = "WyCash.Lib", "WyCash.Lib\WyCash.Lib.csproj", "{338FABAE-8094-4390-BB6D-8769F08E249D}"
EndProject
Global
	GlobalSection(SolutionConfigurationPlatforms) = preSolution
		Debug|Any CPU = Debug|Any CPU
		Debug|x64 = Debug|x64
		Debug|x86 = Debug|x86
		Release|Any CPU = Release|Any CPU
		Release|x64 = Release|x64
		Release|x86 = Release|x86
	EndGlobalSection
	GlobalSection(SolutionProperties) = preSolution
		HideSolutionNode = FALSE
	EndGlobalSection
	GlobalSection(ProjectConfigurationPlatforms) = postSolution
		{E54B4E3A-52F8-4E94-A264-D3CA57766315}.Debug|Any CPU.ActiveCfg = Debug|Any CPU
		{E54B4E3A-52F8-4E94-A264-D3CA57766315}.Debug|Any CPU.Build.0 = Debug|Any CPU
		{E54B4E3A-52F8-4E94-A264-D3CA57766315}.Debug|x64.ActiveCfg = Debug|Any CPU
		{E54B4E3A-52F8-4E94-A264-D3CA57766315}.Debug|x64.Build.0 = Debug|Any CPU
		{E54B4E3A-52F8-4E94-A264-D3CA57766315}.Debug|x86.ActiveCfg = Debug|Any CPU
		{E54B4E3A-52F8-4E94-A264-D3CA57766315}.Debug|x86.Build.0 = Debug|Any CPU
		{E54B4E3A-52F8-4E94-A264-D3CA57766315}.Release|Any CPU.ActiveCfg = Release|Any CPU
		{E54B4E3A-52F8-4E94-A264-D3CA57766315}.Release|Any CPU.Build.0 = Release|Any CPU
		{E54B4E3A-52F8-4E94-A264-D3CA57766315}.Release|x64.ActiveCfg = Release|Any CPU
		{E54B4E3A-52F8-4E94-A264-D3CA57766315}.Release|x64.Build.0 = Release|Any CPU
		{E54B4E3A-52F8-4E94-A264-D3CA57766315}.Release|x86.ActiveCfg = Release|Any CPU
		{E54B4E3A-52F8-4E94-A264-D3CA57766315}.Release|x86.Build.0 = Release|Any CPU
		{338FABAE-8094-4390-BB6D-8769F08E249D}.Debug|Any CPU.ActiveCfg = Debug|Any CPU
		{338FABAE-8094-4390-BB6D-8769F08E249D}.Debug|Any CPU.Build.0 = Debug|Any CPU
		{338FABAE-8094-4390-BB6D-8769F08E249D}.Debug|x64.ActiveCfg = Debug|Any CPU
		{338FABAE-8094-4390-BB6D-8769F08E249D}.Debug|x64.Build.0 = Debug|Any CPU
		{338FABAE-8094-4390-BB6D-8769F08E249D}.Debug|x86.ActiveCfg = Debug|Any CPU
		{338FABAE-8094-4390-BB6D-8769F08E249D}.Debug|x86.Build.0 = Debug|Any CPU
		{338FABAE-8094-4390-BB6D-8769F08E249D}.Release|Any CPU.ActiveCfg = Release|Any CPU
		{338FABAE-8094-4390-BB6D-8769F08E249D}.Release|Any CPU.Build.0 = Release|Any CPU
		{338FABAE-8094-4390-BB6D-8769F08E249D}.Release|x64.ActiveCfg = Release|Any CPU
		{338FABAE-8094-4390-BB6D-8769F08E249D}.Release|x64.Build.0 = Release|Any CPU
		{338FABAE-8094-4390-BB6D-8769F08E249D}.Release|x86.ActiveCfg = Release|Any CPU
		{338FABAE-8094-4390-BB6D-8769F08E249D}.Release|x86.Build.0 = Release|Any CPU
	EndGlobalSection
EndGlobal
